<?xml version="1.0" encoding="utf-8"?>
<Project ToolsVersion="4.0" xmlns="http://schemas.microsoft.com/developer/msbuild/2003">
  <ItemGroup>
    <Filter Include="main.py">
      <UniqueIdentifier>{f1952301-6e26-43b4-a1a4-873a309f6bbe}</UniqueIdentifier>
    </Filter>
  </ItemGroup>
  <ItemGroup>
    <ClCompile Include="main.cpp">
      <Filter>main.py</Filter>
    </ClCompile>
  </ItemGroup>
</Project>